
Microsoft Visual Studio Solution File, Format Version 12.00
# Visual Studio Version 17
VisualStudioVersion = 17.5.33530.505
MinimumVisualStudioVersion = 10.0.40219.1
Project("{FAE04EC0-301F-11D3-BF4B-00C04F79EFBC}") = "WindowsFormsApp1", "WindowsFormsApp1\WindowsFormsApp1.csproj", "{15F56A5A-8DC5-4A11-A652-52A01F6C5099}"
EndProject
Global
	GlobalSection(SolutionConfigurationPlatforms) = preSolution
		Debug|Any CPU = Debug|Any CPU
		Release|Any CPU = Release|Any CPU
	EndGlobalSection
	GlobalSection(ProjectConfigurationPlatforms) = postSolution
		{15F56A5A-8DC5-4A11-A652-52A01F6C5099}.Debug|Any CPU.ActiveCfg = Debug|Any CPU
		{15F56A5A-8DC5-4A11-A652-52A01F6C5099}.Debug|Any CPU.Build.0 = Debug|Any CPU
		{15F56A5A-8DC5-4A11-A652-52A01F6C5099}.Release|Any CPU.ActiveCfg = Release|Any CPU
		{15F56A5A-8DC5-4A11-A652-52A01F6C5099}.Release|Any CPU.Build.0 = Release|Any CPU
	EndGlobalSection
	GlobalSection(SolutionProperties) = preSolution
		HideSolutionNode = FALSE
	EndGlobalSection
	GlobalSection(ExtensibilityGlobals) = postSolution
		SolutionGuid = {6368371B-FC42-49B5-A82A-FC6B93A6F264}
	EndGlobalSection
EndGlobal
